
Microsoft Visual Studio Solution File, Format Version 12.00
# Visual Studio Version 16
VisualStudioVersion = 16.0.30204.135
MinimumVisualStudioVersion = 10.0.40219.1
Project("{FAE04EC0-301F-11D3-BF4B-00C04F79EFBC}") = "Tienda", "Tienda\Tienda.csproj", "{78D0566A-2342-4641-9812-7545167FFF40}"
EndProject
Global
	GlobalSection(SolutionConfigurationPlatforms) = preSolution
		Debug|Any CPU = Debug|Any CPU
		Release|Any CPU = Release|Any CPU
	EndGlobalSection
	GlobalSection(ProjectConfigurationPlatforms) = postSolution
		{78D0566A-2342-4641-9812-7545167FFF40}.Debug|Any CPU.ActiveCfg = Debug|Any CPU
		{78D0566A-2342-4641-9812-7545167FFF40}.Debug|Any CPU.Build.0 = Debug|Any CPU
		{78D0566A-2342-4641-9812-7545167FFF40}.Release|Any CPU.ActiveCfg = Release|Any CPU
		{78D0566A-2342-4641-9812-7545167FFF40}.Release|Any CPU.Build.0 = Release|Any CPU
	EndGlobalSection
	GlobalSection(SolutionProperties) = preSolution
		HideSolutionNode = FALSE
	EndGlobalSection
	GlobalSection(ExtensibilityGlobals) = postSolution
		SolutionGuid = {21E39A63-130A-4D1C-9042-077CE3E646B6}
	EndGlobalSection
EndGlobal
